
Microsoft Visual Studio Solution File, Format Version 12.00
# Visual Studio Version 16
VisualStudioVersion = 16.0.810.25
MinimumVisualStudioVersion = 10.0.40219.1
Project("{FAE04EC0-301F-11D3-BF4B-00C04F79EFBC}") = "KampIntro", "KampIntro\KampIntro.csproj", "{CEB4E662-72DC-40EA-B4D9-6ED0CA00E047}"
EndProject
Project("{FAE04EC0-301F-11D3-BF4B-00C04F79EFBC}") = "Donguler", "Donguler\Donguler.csproj", "{DA7A7A43-7415-40C3-ABFA-0532FDB6B97A}"
EndProject
Global
	GlobalSection(SolutionConfigurationPlatforms) = preSolution
		Debug|Any CPU = Debug|Any CPU
		Release|Any CPU = Release|Any CPU
	EndGlobalSection
	GlobalSection(ProjectConfigurationPlatforms) = postSolution
		{CEB4E662-72DC-40EA-B4D9-6ED0CA00E047}.Debug|Any CPU.ActiveCfg = Debug|Any CPU
		{CEB4E662-72DC-40EA-B4D9-6ED0CA00E047}.Debug|Any CPU.Build.0 = Debug|Any CPU
		{CEB4E662-72DC-40EA-B4D9-6ED0CA00E047}.Release|Any CPU.ActiveCfg = Release|Any CPU
		{CEB4E662-72DC-40EA-B4D9-6ED0CA00E047}.Release|Any CPU.Build.0 = Release|Any CPU
		{DA7A7A43-7415-40C3-ABFA-0532FDB6B97A}.Debug|Any CPU.ActiveCfg = Debug|Any CPU
		{DA7A7A43-7415-40C3-ABFA-0532FDB6B97A}.Debug|Any CPU.Build.0 = Debug|Any CPU
		{DA7A7A43-7415-40C3-ABFA-0532FDB6B97A}.Release|Any CPU.ActiveCfg = Release|Any CPU
		{DA7A7A43-7415-40C3-ABFA-0532FDB6B97A}.Release|Any CPU.Build.0 = Release|Any CPU
	EndGlobalSection
	GlobalSection(SolutionProperties) = preSolution
		HideSolutionNode = FALSE
	EndGlobalSection
	GlobalSection(ExtensibilityGlobals) = postSolution
		SolutionGuid = {A8B66FE9-9F5F-4879-AACF-8D2912ADFA49}
	EndGlobalSection
EndGlobal
